
Microsoft Visual Studio Solution File, Format Version 12.00
# Visual Studio Version 17
VisualStudioVersion = 17.14.36414.22 d17.14
MinimumVisualStudioVersion = 10.0.40219.1
Project("{FAE04EC0-301F-11D3-BF4B-00C04F79EFBC}") = "Trafiklys2", "Trafiklys2\Trafiklys2.csproj", "{EFCA05B8-2674-4025-8D6A-F4972AD296F6}"
EndProject
Global
	GlobalSection(SolutionConfigurationPlatforms) = preSolution
		Debug|Any CPU = Debug|Any CPU
		Release|Any CPU = Release|Any CPU
	EndGlobalSection
	GlobalSection(ProjectConfigurationPlatforms) = postSolution
		{EFCA05B8-2674-4025-8D6A-F4972AD296F6}.Debug|Any CPU.ActiveCfg = Debug|Any CPU
		{EFCA05B8-2674-4025-8D6A-F4972AD296F6}.Debug|Any CPU.Build.0 = Debug|Any CPU
		{EFCA05B8-2674-4025-8D6A-F4972AD296F6}.Release|Any CPU.ActiveCfg = Release|Any CPU
		{EFCA05B8-2674-4025-8D6A-F4972AD296F6}.Release|Any CPU.Build.0 = Release|Any CPU
	EndGlobalSection
	GlobalSection(SolutionProperties) = preSolution
		HideSolutionNode = FALSE
	EndGlobalSection
	GlobalSection(ExtensibilityGlobals) = postSolution
		SolutionGuid = {36D82947-B607-489E-BDDD-414B84A24A64}
	EndGlobalSection
EndGlobal
